
Microsoft Visual Studio Solution File, Format Version 12.00
# Visual Studio Version 16
VisualStudioVersion = 16.0.30114.105
MinimumVisualStudioVersion = 10.0.40219.1
Project("{FAE04EC0-301F-11D3-BF4B-00C04F79EFBC}") = "API-BestWallet", "API-BestWallet\API-BestWallet.csproj", "{D027A375-2458-4F61-A8A2-827829065548}"
EndProject
Global
	GlobalSection(SolutionConfigurationPlatforms) = preSolution
		Debug|Any CPU = Debug|Any CPU
		Release|Any CPU = Release|Any CPU
	EndGlobalSection
	GlobalSection(SolutionProperties) = preSolution
		HideSolutionNode = FALSE
	EndGlobalSection
	GlobalSection(ProjectConfigurationPlatforms) = postSolution
		{D027A375-2458-4F61-A8A2-827829065548}.Debug|Any CPU.ActiveCfg = Debug|Any CPU
		{D027A375-2458-4F61-A8A2-827829065548}.Debug|Any CPU.Build.0 = Debug|Any CPU
		{D027A375-2458-4F61-A8A2-827829065548}.Release|Any CPU.ActiveCfg = Release|Any CPU
		{D027A375-2458-4F61-A8A2-827829065548}.Release|Any CPU.Build.0 = Release|Any CPU
	EndGlobalSection
EndGlobal
