
Microsoft Visual Studio Solution File, Format Version 12.00
# Visual Studio Version 17
VisualStudioVersion = 17.1.32421.90
MinimumVisualStudioVersion = 10.0.40219.1
Project("{9A19103F-16F7-4668-BE54-9A1E7A4F7556}") = "API-BestWallet", "API-BestWallet\API-BestWallet.csproj", "{D027A375-2458-4F61-A8A2-827829065548}"
EndProject
Project("{FAE04EC0-301F-11D3-BF4B-00C04F79EFBC}") = "Negocio", "Negocio\Negocio.csproj", "{686784F3-AD1E-4998-B2A9-A5E67281C376}"
EndProject
Project("{FAE04EC0-301F-11D3-BF4B-00C04F79EFBC}") = "Entities", "Entities\Entities.csproj", "{E98B50C0-487B-4B78-82C8-F89321481244}"
EndProject
Global
	GlobalSection(SolutionConfigurationPlatforms) = preSolution
		Debug|Any CPU = Debug|Any CPU
		Release|Any CPU = Release|Any CPU
	EndGlobalSection
	GlobalSection(ProjectConfigurationPlatforms) = postSolution
		{D027A375-2458-4F61-A8A2-827829065548}.Debug|Any CPU.ActiveCfg = Debug|Any CPU
		{D027A375-2458-4F61-A8A2-827829065548}.Debug|Any CPU.Build.0 = Debug|Any CPU
		{D027A375-2458-4F61-A8A2-827829065548}.Release|Any CPU.ActiveCfg = Release|Any CPU
		{D027A375-2458-4F61-A8A2-827829065548}.Release|Any CPU.Build.0 = Release|Any CPU
		{686784F3-AD1E-4998-B2A9-A5E67281C376}.Debug|Any CPU.ActiveCfg = Debug|Any CPU
		{686784F3-AD1E-4998-B2A9-A5E67281C376}.Debug|Any CPU.Build.0 = Debug|Any CPU
		{686784F3-AD1E-4998-B2A9-A5E67281C376}.Release|Any CPU.ActiveCfg = Release|Any CPU
		{686784F3-AD1E-4998-B2A9-A5E67281C376}.Release|Any CPU.Build.0 = Release|Any CPU
		{E98B50C0-487B-4B78-82C8-F89321481244}.Debug|Any CPU.ActiveCfg = Debug|Any CPU
		{E98B50C0-487B-4B78-82C8-F89321481244}.Debug|Any CPU.Build.0 = Debug|Any CPU
		{E98B50C0-487B-4B78-82C8-F89321481244}.Release|Any CPU.ActiveCfg = Release|Any CPU
		{E98B50C0-487B-4B78-82C8-F89321481244}.Release|Any CPU.Build.0 = Release|Any CPU
	EndGlobalSection
	GlobalSection(SolutionProperties) = preSolution
		HideSolutionNode = FALSE
	EndGlobalSection
	GlobalSection(ExtensibilityGlobals) = postSolution
		SolutionGuid = {11BFF100-686C-4C36-9D72-AA83ECC34DCE}
	EndGlobalSection
EndGlobal
